Microsoft Visual Studio Solution File, Format Version 12.00
# Visual Studio Version 17
VisualStudioVersion = 17.2.32505.173
MinimumVisualStudioVersion = 10.0.40219.1
Project("{2150E333-8FDC-42A3-9474-1A3956D46DE8}") = "files", "files", "{7592EEA2-3C6C-4ED0-9EB7-5EC6DBB51DE5}"
	ProjectSection(SolutionItems) = preProject
		README.md = README.md
	EndProjectSection
EndProject
Project("{2150E333-8FDC-42A3-9474-1A3956D46DE8}") = "server", "server", "{8CE9A197-C77E-40CB-B19E-97DC0AA5D36E}"
	ProjectSection(SolutionItems) = preProject
		coverage.runsettings = coverage.runsettings
		server\Directory.Build.props = server\Directory.Build.props
		server\Directory.Packages.props = server\Directory.Packages.props
		global.json = global.json
	EndProjectSection
EndProject
Project("{2150E333-8FDC-42A3-9474-1A3956D46DE8}") = "shared", "shared", "{1617285C-95A0-4AF2-9C07-CE02BC254905}"
	ProjectSection(SolutionItems) = preProject
		.editorconfig = .editorconfig
		.gitattributes = .gitattributes
		.gitignore = .gitignore
		sonar-project.properties = sonar-project.properties
		Workspace.props = Workspace.props
		LICENSE = LICENSE
		ci-build.ps1 = ci-build.ps1
		.github\workflows\pipeline.yaml = .github\workflows\pipeline.yaml
	EndProjectSection
EndProject
Project("{2150E333-8FDC-42A3-9474-1A3956D46DE8}") = "projects", "projects", "{2E75741F-092F-4C2C-A182-AAF9F38CEC58}"
EndProject
Project("{FAE04EC0-301F-11D3-BF4B-00C04F79EFBC}") = "hello-cs", "server\hello-cs\hello-cs.csproj", "{CA70F551-74BE-49DB-B5CC-D64C0D321478}"
EndProject
Project("{FAE04EC0-301F-11D3-BF4B-00C04F79EFBC}") = "hello-cs-test", "server\hello-cs-test\hello-cs-test.csproj", "{2652DC61-0D21-423D-BF0E-FA67ED4A68F7}"
EndProject
Global
	GlobalSection(SolutionConfigurationPlatforms) = preSolution
		Debug|Any CPU = Debug|Any CPU
		Release|Any CPU = Release|Any CPU
	EndGlobalSection
	GlobalSection(SolutionProperties) = preSolution
		HideSolutionNode = FALSE
	EndGlobalSection
	GlobalSection(ProjectConfigurationPlatforms) = postSolution
		{CA70F551-74BE-49DB-B5CC-D64C0D321478}.Debug|Any CPU.ActiveCfg = Debug|Any CPU
		{CA70F551-74BE-49DB-B5CC-D64C0D321478}.Debug|Any CPU.Build.0 = Debug|Any CPU
		{CA70F551-74BE-49DB-B5CC-D64C0D321478}.Release|Any CPU.ActiveCfg = Release|Any CPU
		{CA70F551-74BE-49DB-B5CC-D64C0D321478}.Release|Any CPU.Build.0 = Release|Any CPU
		{2652DC61-0D21-423D-BF0E-FA67ED4A68F7}.Debug|Any CPU.ActiveCfg = Debug|Any CPU
		{2652DC61-0D21-423D-BF0E-FA67ED4A68F7}.Debug|Any CPU.Build.0 = Debug|Any CPU
		{2652DC61-0D21-423D-BF0E-FA67ED4A68F7}.Release|Any CPU.ActiveCfg = Release|Any CPU
		{2652DC61-0D21-423D-BF0E-FA67ED4A68F7}.Release|Any CPU.Build.0 = Release|Any CPU
	EndGlobalSection
	GlobalSection(NestedProjects) = preSolution
		{CA70F551-74BE-49DB-B5CC-D64C0D321478} = {2E75741F-092F-4C2C-A182-AAF9F38CEC58}
		{2652DC61-0D21-423D-BF0E-FA67ED4A68F7} = {2E75741F-092F-4C2C-A182-AAF9F38CEC58}
		{8CE9A197-C77E-40CB-B19E-97DC0AA5D36E} = {7592EEA2-3C6C-4ED0-9EB7-5EC6DBB51DE5}
		{1617285C-95A0-4AF2-9C07-CE02BC254905} = {7592EEA2-3C6C-4ED0-9EB7-5EC6DBB51DE5}
	EndGlobalSection
EndGlobal
