lockfileVersion: '9.0'

settings:
  autoInstallPeers: true
  excludeLinksFromLockfile: false

importers:

  .:
    devDependencies:
      '@connorjs/tsconfig':
        specifier: ~0.2.0
        version: 0.2.0(typescript@5.5.4)
      prettier:
        specifier: ^3.3.3
        version: 3.3.3
      typescript:
        specifier: ^5.5.4
        version: 5.5.4

  client/hello-js: {}

packages:

  '@connorjs/tsconfig@0.2.0':
    resolution: {integrity: sha512-QEFm1THinWtfboSvekxele34nT5l/xmTEtXhomUyUydr6keRx90nATBHTIQc2KNP4ff6E3I7px+IszkD3S/iZw==}
    peerDependencies:
      typescript: '>=5.0.0'
    peerDependenciesMeta:
      typescript:
        optional: true

  prettier@3.3.3:
    resolution: {integrity: sha512-i2tDNA0O5IrMO757lfrdQZCc2jPNDVntV0m/+4whiDfWaTKfMNgR7Qz0NAeGz/nRqF4m5/6CLzbP4/liHt12Ew==}
    engines: {node: '>=14'}
    hasBin: true

  typescript@5.5.4:
    resolution: {integrity: sha512-Mtq29sKDAEYP7aljRgtPOpTvOfbwRWlS6dPRzwjdE+C0R4brX/GUyhHSecbHMFLNBLcJIPt9nl9yG5TZ1weH+Q==}
    engines: {node: '>=14.17'}
    hasBin: true

snapshots:

  '@connorjs/tsconfig@0.2.0(typescript@5.5.4)':
    optionalDependencies:
      typescript: 5.5.4

  prettier@3.3.3: {}

  typescript@5.5.4: {}
